
Microsoft Visual Studio Solution File, Format Version 12.00
# Visual Studio Version 17
VisualStudioVersion = 17.3.32922.545
MinimumVisualStudioVersion = 10.0.40219.1
Project("{FAE04EC0-301F-11D3-BF4B-00C04F79EFBC}") = "WindowsFormsTagdijBefizetes", "WindowsFormsTagdijBefizetes.csproj", "{FD514393-52D4-4684-8978-0A70547CB00D}"
EndProject
Global
	GlobalSection(SolutionConfigurationPlatforms) = preSolution
		Debug|Any CPU = Debug|Any CPU
		Release|Any CPU = Release|Any CPU
	EndGlobalSection
	GlobalSection(ProjectConfigurationPlatforms) = postSolution
		{FD514393-52D4-4684-8978-0A70547CB00D}.Debug|Any CPU.ActiveCfg = Debug|Any CPU
		{FD514393-52D4-4684-8978-0A70547CB00D}.Debug|Any CPU.Build.0 = Debug|Any CPU
		{FD514393-52D4-4684-8978-0A70547CB00D}.Release|Any CPU.ActiveCfg = Release|Any CPU
		{FD514393-52D4-4684-8978-0A70547CB00D}.Release|Any CPU.Build.0 = Release|Any CPU
	EndGlobalSection
	GlobalSection(SolutionProperties) = preSolution
		HideSolutionNode = FALSE
	EndGlobalSection
	GlobalSection(ExtensibilityGlobals) = postSolution
		SolutionGuid = {DD3DA756-4E33-4F9F-B3AE-A810CC99DF6E}
	EndGlobalSection
EndGlobal
